
Microsoft Visual Studio Solution File, Format Version 12.00
# Visual Studio 14
VisualStudioVersion = 14.0.25420.1
MinimumVisualStudioVersion = 10.0.40219.1
Project("{FAE04EC0-301F-11D3-BF4B-00C04F79EFBC}") = "Ex1", "BTControl\Ex1.csproj", "{085E36DA-FA4A-46F0-8848-674ACD6948BE}"
EndProject
Project("{FAE04EC0-301F-11D3-BF4B-00C04F79EFBC}") = "Ex3", "Ex3\Ex3.csproj", "{86B3362A-4567-41BF-BC83-D829AC5A8BEC}"
EndProject
Project("{FAE04EC0-301F-11D3-BF4B-00C04F79EFBC}") = "Ex4", "Ex4\Ex4.csproj", "{9EC36935-26A2-487B-A67B-432AB9EFF2EC}"
EndProject
Project("{FAE04EC0-301F-11D3-BF4B-00C04F79EFBC}") = "Ex5", "Ex5\Ex5.csproj", "{04C0723B-D81E-4E9A-9D66-4F8B6A6E0C71}"
EndProject
Project("{FAE04EC0-301F-11D3-BF4B-00C04F79EFBC}") = "Ex2", "Ex2\Ex2.csproj", "{9F410C50-B6BD-415D-A4A9-36069B26A248}"
EndProject
Project("{FAE04EC0-301F-11D3-BF4B-00C04F79EFBC}") = "Ex6", "Ex6\Ex6.csproj", "{17E4EB26-15B6-49A5-B61E-8259D3155501}"
EndProject
Project("{FAE04EC0-301F-11D3-BF4B-00C04F79EFBC}") = "Ex7", "Ex7\Ex7.csproj", "{BFE4A336-904F-4A52-8DF0-FC959BAD65BB}"
EndProject
Project("{FAE04EC0-301F-11D3-BF4B-00C04F79EFBC}") = "Ex8", "Ex8\Ex8.csproj", "{544F525F-3AF2-4412-9758-F1CFC094CFB9}"
EndProject
Project("{FAE04EC0-301F-11D3-BF4B-00C04F79EFBC}") = "Ex9", "Ex9\Ex9.csproj", "{8A3B824A-8202-4335-BCBE-4FF806171D4F}"
EndProject
Project("{FAE04EC0-301F-11D3-BF4B-00C04F79EFBC}") = "Ex10", "Ex10\Ex10.csproj", "{E2DD1C1E-8762-4165-AF99-4090D45A2E96}"
EndProject
Project("{FAE04EC0-301F-11D3-BF4B-00C04F79EFBC}") = "Ex11", "Ex11\Ex11.csproj", "{87A7C29A-3ABF-4BE9-9B8D-D52A3B94CDE9}"
EndProject
Project("{FAE04EC0-301F-11D3-BF4B-00C04F79EFBC}") = "BooleanAlgebra", "BooleanAlgebra\BooleanAlgebra.csproj", "{735A26BB-BB0B-4AD6-9F96-59C0C304888B}"
EndProject
Project("{FAE04EC0-301F-11D3-BF4B-00C04F79EFBC}") = "Compounded Interest", "Compounded Interest\Compounded Interest.csproj", "{74AD3E9E-E270-459C-9E16-96974EA43127}"
EndProject
Project("{FAE04EC0-301F-11D3-BF4B-00C04F79EFBC}") = "Ex12", "Ex12\Ex12.csproj", "{886CF7BF-877F-4ABC-9417-37A1C8A34590}"
EndProject
Project("{FAE04EC0-301F-11D3-BF4B-00C04F79EFBC}") = "Ex13", "Ex13\Ex13.csproj", "{5A6D222C-5A1E-4579-894F-DC74E3A63D5B}"
EndProject
Global
	GlobalSection(SolutionConfigurationPlatforms) = preSolution
		Debug|Any CPU = Debug|Any CPU
		Release|Any CPU = Release|Any CPU
	EndGlobalSection
	GlobalSection(ProjectConfigurationPlatforms) = postSolution
		{085E36DA-FA4A-46F0-8848-674ACD6948BE}.Debug|Any CPU.ActiveCfg = Debug|Any CPU
		{085E36DA-FA4A-46F0-8848-674ACD6948BE}.Debug|Any CPU.Build.0 = Debug|Any CPU
		{085E36DA-FA4A-46F0-8848-674ACD6948BE}.Release|Any CPU.ActiveCfg = Release|Any CPU
		{085E36DA-FA4A-46F0-8848-674ACD6948BE}.Release|Any CPU.Build.0 = Release|Any CPU
		{86B3362A-4567-41BF-BC83-D829AC5A8BEC}.Debug|Any CPU.ActiveCfg = Debug|Any CPU
		{86B3362A-4567-41BF-BC83-D829AC5A8BEC}.Debug|Any CPU.Build.0 = Debug|Any CPU
		{86B3362A-4567-41BF-BC83-D829AC5A8BEC}.Release|Any CPU.ActiveCfg = Release|Any CPU
		{86B3362A-4567-41BF-BC83-D829AC5A8BEC}.Release|Any CPU.Build.0 = Release|Any CPU
		{9EC36935-26A2-487B-A67B-432AB9EFF2EC}.Debug|Any CPU.ActiveCfg = Debug|Any CPU
		{9EC36935-26A2-487B-A67B-432AB9EFF2EC}.Debug|Any CPU.Build.0 = Debug|Any CPU
		{9EC36935-26A2-487B-A67B-432AB9EFF2EC}.Release|Any CPU.ActiveCfg = Release|Any CPU
		{9EC36935-26A2-487B-A67B-432AB9EFF2EC}.Release|Any CPU.Build.0 = Release|Any CPU
		{04C0723B-D81E-4E9A-9D66-4F8B6A6E0C71}.Debug|Any CPU.ActiveCfg = Debug|Any CPU
		{04C0723B-D81E-4E9A-9D66-4F8B6A6E0C71}.Debug|Any CPU.Build.0 = Debug|Any CPU
		{04C0723B-D81E-4E9A-9D66-4F8B6A6E0C71}.Release|Any CPU.ActiveCfg = Release|Any CPU
		{04C0723B-D81E-4E9A-9D66-4F8B6A6E0C71}.Release|Any CPU.Build.0 = Release|Any CPU
		{9F410C50-B6BD-415D-A4A9-36069B26A248}.Debug|Any CPU.ActiveCfg = Debug|Any CPU
		{9F410C50-B6BD-415D-A4A9-36069B26A248}.Debug|Any CPU.Build.0 = Debug|Any CPU
		{9F410C50-B6BD-415D-A4A9-36069B26A248}.Release|Any CPU.ActiveCfg = Release|Any CPU
		{9F410C50-B6BD-415D-A4A9-36069B26A248}.Release|Any CPU.Build.0 = Release|Any CPU
		{17E4EB26-15B6-49A5-B61E-8259D3155501}.Debug|Any CPU.ActiveCfg = Debug|Any CPU
		{17E4EB26-15B6-49A5-B61E-8259D3155501}.Debug|Any CPU.Build.0 = Debug|Any CPU
		{17E4EB26-15B6-49A5-B61E-8259D3155501}.Release|Any CPU.ActiveCfg = Release|Any CPU
		{17E4EB26-15B6-49A5-B61E-8259D3155501}.Release|Any CPU.Build.0 = Release|Any CPU
		{BFE4A336-904F-4A52-8DF0-FC959BAD65BB}.Debug|Any CPU.ActiveCfg = Debug|Any CPU
		{BFE4A336-904F-4A52-8DF0-FC959BAD65BB}.Debug|Any CPU.Build.0 = Debug|Any CPU
		{BFE4A336-904F-4A52-8DF0-FC959BAD65BB}.Release|Any CPU.ActiveCfg = Release|Any CPU
		{BFE4A336-904F-4A52-8DF0-FC959BAD65BB}.Release|Any CPU.Build.0 = Release|Any CPU
		{544F525F-3AF2-4412-9758-F1CFC094CFB9}.Debug|Any CPU.ActiveCfg = Debug|Any CPU
		{544F525F-3AF2-4412-9758-F1CFC094CFB9}.Debug|Any CPU.Build.0 = Debug|Any CPU
		{544F525F-3AF2-4412-9758-F1CFC094CFB9}.Release|Any CPU.ActiveCfg = Release|Any CPU
		{544F525F-3AF2-4412-9758-F1CFC094CFB9}.Release|Any CPU.Build.0 = Release|Any CPU
		{8A3B824A-8202-4335-BCBE-4FF806171D4F}.Debug|Any CPU.ActiveCfg = Debug|Any CPU
		{8A3B824A-8202-4335-BCBE-4FF806171D4F}.Debug|Any CPU.Build.0 = Debug|Any CPU
		{8A3B824A-8202-4335-BCBE-4FF806171D4F}.Release|Any CPU.ActiveCfg = Release|Any CPU
		{8A3B824A-8202-4335-BCBE-4FF806171D4F}.Release|Any CPU.Build.0 = Release|Any CPU
		{E2DD1C1E-8762-4165-AF99-4090D45A2E96}.Debug|Any CPU.ActiveCfg = Debug|Any CPU
		{E2DD1C1E-8762-4165-AF99-4090D45A2E96}.Debug|Any CPU.Build.0 = Debug|Any CPU
		{E2DD1C1E-8762-4165-AF99-4090D45A2E96}.Release|Any CPU.ActiveCfg = Release|Any CPU
		{E2DD1C1E-8762-4165-AF99-4090D45A2E96}.Release|Any CPU.Build.0 = Release|Any CPU
		{87A7C29A-3ABF-4BE9-9B8D-D52A3B94CDE9}.Debug|Any CPU.ActiveCfg = Debug|Any CPU
		{87A7C29A-3ABF-4BE9-9B8D-D52A3B94CDE9}.Debug|Any CPU.Build.0 = Debug|Any CPU
		{87A7C29A-3ABF-4BE9-9B8D-D52A3B94CDE9}.Release|Any CPU.ActiveCfg = Release|Any CPU
		{87A7C29A-3ABF-4BE9-9B8D-D52A3B94CDE9}.Release|Any CPU.Build.0 = Release|Any CPU
		{735A26BB-BB0B-4AD6-9F96-59C0C304888B}.Debug|Any CPU.ActiveCfg = Debug|Any CPU
		{735A26BB-BB0B-4AD6-9F96-59C0C304888B}.Debug|Any CPU.Build.0 = Debug|Any CPU
		{735A26BB-BB0B-4AD6-9F96-59C0C304888B}.Release|Any CPU.ActiveCfg = Release|Any CPU
		{735A26BB-BB0B-4AD6-9F96-59C0C304888B}.Release|Any CPU.Build.0 = Release|Any CPU
		{74AD3E9E-E270-459C-9E16-96974EA43127}.Debug|Any CPU.ActiveCfg = Debug|Any CPU
		{74AD3E9E-E270-459C-9E16-96974EA43127}.Debug|Any CPU.Build.0 = Debug|Any CPU
		{74AD3E9E-E270-459C-9E16-96974EA43127}.Release|Any CPU.ActiveCfg = Release|Any CPU
		{74AD3E9E-E270-459C-9E16-96974EA43127}.Release|Any CPU.Build.0 = Release|Any CPU
		{886CF7BF-877F-4ABC-9417-37A1C8A34590}.Debug|Any CPU.ActiveCfg = Debug|Any CPU
		{886CF7BF-877F-4ABC-9417-37A1C8A34590}.Debug|Any CPU.Build.0 = Debug|Any CPU
		{886CF7BF-877F-4ABC-9417-37A1C8A34590}.Release|Any CPU.ActiveCfg = Release|Any CPU
		{886CF7BF-877F-4ABC-9417-37A1C8A34590}.Release|Any CPU.Build.0 = Release|Any CPU
		{5A6D222C-5A1E-4579-894F-DC74E3A63D5B}.Debug|Any CPU.ActiveCfg = Debug|Any CPU
		{5A6D222C-5A1E-4579-894F-DC74E3A63D5B}.Debug|Any CPU.Build.0 = Debug|Any CPU
		{5A6D222C-5A1E-4579-894F-DC74E3A63D5B}.Release|Any CPU.ActiveCfg = Release|Any CPU
		{5A6D222C-5A1E-4579-894F-DC74E3A63D5B}.Release|Any CPU.Build.0 = Release|Any CPU
	EndGlobalSection
	GlobalSection(SolutionProperties) = preSolution
		HideSolutionNode = FALSE
	EndGlobalSection
EndGlobal
